PODS:
<<<<<<< HEAD
  - InputBarAccessoryView (4.2.2)
  - MessageKit (3.0.0):
    - InputBarAccessoryView (~> 4.2.2)
=======
  - InputBarAccessoryView (4.3.2):
    - InputBarAccessoryView/Core (= 4.3.2)
  - InputBarAccessoryView/Core (4.3.2)
  - MessageKit (3.1.0):
    - InputBarAccessoryView (~> 4.3.0)
>>>>>>> 3.1.0

DEPENDENCIES:
  - MessageKit (from `../`)

SPEC REPOS:
  trunk:
    - InputBarAccessoryView

EXTERNAL SOURCES:
  MessageKit:
    :path: "../"

SPEC CHECKSUMS:
<<<<<<< HEAD
  InputBarAccessoryView: 2b937602598e2fab3149f37f51dd7ad795653812
  MessageKit: 727f80d121b859855ad9fba3d032d23705147c78
=======
  InputBarAccessoryView: 7985d418040a05fe894bd4b8328dd43ab35517c3
  MessageKit: 3beb578737a5aa2bba25cc27c7b6d6faa09af5a7
>>>>>>> 3.1.0

PODFILE CHECKSUM: 90bd12ca685503630d7fe716609f4974660ed5ee

<<<<<<< HEAD
COCOAPODS: 1.7.3
=======
COCOAPODS: 1.9.1
>>>>>>> 3.1.0
